version = 1
revision = 3
requires-python = ">=3.13"
resolution-markers = [
    "python_full_version >= '3.15'",
    "python_full_version < '3.15'",
]

[[package]]
name = "gmpy2"
version = "2.3.0"
source = { registry = "https://pypi.org/simple" }
sdist = { url = "https://files.pythonhosted.org/packages/57/57/86fd2ed7722cddfc7b1aa87cc768ef89944aa759b019595765aff5ad96a7/gmpy2-2.3.0.tar.gz", hash = "sha256:2d943cc9051fcd6b15b2a09369e2f7e18c526bc04c210782e4da61b62495eb4a", size = 302252, upload-time = "2026-02-08T00:57:42.808Z" }
wheels = [
    { url = "https://files.pythonhosted.org/packages/cf/ea/a12ef41ea2695f71ebde95f5cd51c11a9ba0058b42ab0448bb5d5d33efa2/gmpy2-2.3.0-cp313-cp313-macosx_10_13_x86_64.whl", hash = "sha256:2f045c824c7ac28bb026e55b8a8c97a41ebbcdfbe1f065e47debb5d842baf667", size = 858114, upload-time = "2026-02-08T00:56:34.853Z" },
    { url = "https://files.pythonhosted.org/packages/5f/c5/7cc5563e7b55527a2cd5b4d25110a3d2dda7b77e966d6138c01b2195142d/gmpy2-2.3.0-cp313-cp313-macosx_11_0_arm64.whl", hash = "sha256:bc09a8fddecf2eed7b6da1b877d96ec9582285f0bbc3bdf57f3dedfcfbef01f7", size = 709962, upload-time = "2026-02-08T00:56:36.222Z" },
    { url = "https://files.pythonhosted.org/packages/28/9e/3c8b255ab55ecd03b9ab52994143b8c9b82d27535b7dfcaae8a5cdd84d2f/gmpy2-2.3.0-cp313-cp313-manylinux2014_aarch64.manylinux_2_17_aarch64.manylinux_2_28_aarch64.whl", hash = "sha256:a12f5b508b940000b54dec3a2fdd3523e09f20b87093a190a55d9a139bb5eece", size = 1666134, upload-time = "2026-02-08T00:56:37.536Z" },
    { url = "https://files.pythonhosted.org/packages/b5/a7/e26e98a14b5e8762a99af7f048a8caa79a2455602ae2ddf9f73760491313/gmpy2-2.3.0-cp313-cp313-manylinux2014_x86_64.manylinux_2_17_x86_64.manylinux_2_28_x86_64.whl", hash = "sha256:488a370c232b314c353982920fded3c275e44a4f55d48d690462ad31cbf971ae", size = 1768911, upload-time = "2026-02-08T00:56:38.828Z" },
    { url = "https://files.pythonhosted.org/packages/58/d4/6149c74c06bc0f2a5f08dd80ca054066dc4ed15fcd7ef52ddae6017b9d11/gmpy2-2.3.0-cp313-cp313-musllinux_1_2_aarch64.whl", hash = "sha256:67606f3da678b3c2379dc606186867cde5061e44f96bf5a114cc6a08ea0d2fc7", size = 1684297, upload-time = "2026-02-08T00:56:40.511Z" },
    { url = "https://files.pythonhosted.org/packages/4d/27/7a0f09d6eb244a39323a6f205d63a28ba44f13d226dfe1f0d3fc943c3ac8/gmpy2-2.3.0-cp313-cp313-musllinux_1_2_x86_64.whl", hash = "sha256:77d4d5b580339f31f89db3640453472d3c8c9308233db35bdccd2e8a93ae61fd", size = 1722649, upload-time = "2026-02-08T00:56:42.468Z" },
    { url = "https://files.pythonhosted.org/packages/59/83/2d22d4455b5156efc93780d5554d0631a47c774aec69bc2ba0a9337bf467/gmpy2-2.3.0-cp313-cp313-win_amd64.whl", hash = "sha256:b308af421eadb1736befdde0f9ab9927d4a674596eef88a99faa98d75bba8f16", size = 1236151, upload-time = "2026-02-08T00:56:43.779Z" },
    { url = "https://files.pythonhosted.org/packages/20/37/d3fbbc3af090a3072a862222eb6c058ab7e121498c969f8be2bae66e43b7/gmpy2-2.3.0-cp313-cp313-win_arm64.whl", hash = "sha256:65d8bf129b50b42644602e241e04ba3a27dafef0b07904964d8b4689704d97d7", size = 856606, upload-time = "2026-02-08T00:56:45.204Z" },
    { url = "https://files.pythonhosted.org/packages/d0/ac/140af3c1771567afa26c3f0b9818e1422b97f6c15a85dd9b6e0febb0d460/gmpy2-2.3.0-cp313-cp313t-macosx_10_13_x86_64.whl", hash = "sha256:800d6bbb5ad1dac5ab13000c4a693332c8e27f169723e4b43f98ec8e15d41277", size = 872709, upload-time = "2026-02-08T00:56:46.426Z" },
    { url = "https://files.pythonhosted.org/packages/82/d1/c9ea11c1895c98f9085f6ba36435ba55e6c3ce06402d26a8eff8d8eb0e50/gmpy2-2.3.0-cp313-cp313t-macosx_11_0_arm64.whl", hash = "sha256:51dd9999a2cbfc4cd1d6166478c2e5749aa9cf5cf384349d2d8f9169463190f1", size = 724416, upload-time = "2026-02-08T00:56:48.251Z" },
    { url = "https://files.pythonhosted.org/packages/aa/2b/a6192d84644fb0c0662753a71873ce18eef4e5100ad34046626206bba1cb/gmpy2-2.3.0-cp313-cp313t-manylinux2014_aarch64.manylinux_2_17_aarch64.manylinux_2_28_aarch64.whl", hash = "sha256:ab62738afef1d65e96d170efdd8e982caa9338591e8faa0ac6999bf574b5f441", size = 1588412, upload-time = "2026-02-08T00:56:50.042Z" },
    { url = "https://files.pythonhosted.org/packages/5f/5e/08ba6cfca37c88dd8e3da9ba093df2f390765df8b38e9e06a442e860b511/gmpy2-2.3.0-cp313-cp313t-manylinux2014_x86_64.manylinux_2_17_x86_64.manylinux_2_28_x86_64.whl", hash = "sha256:122e37c3f2ced5ae30a904d3ba5cc9c9e65e752560911eac44c6e9f3a8a240a1", size = 1683873, upload-time = "2026-02-08T00:56:51.434Z" },
    { url = "https://files.pythonhosted.org/packages/15/5d/edf838778145d98bc564fe7c3eca97175cdf502e500a30a3bd4a10727f8d/gmpy2-2.3.0-cp313-cp313t-musllinux_1_2_aarch64.whl", hash = "sha256:28422e9a137ac1ae60f906b7c1a9b99fc7191e6a8ced3c4222dd514b33d5556f", size = 1601139, upload-time = "2026-02-08T00:56:52.765Z" },
    { url = "https://files.pythonhosted.org/packages/94/9b/cee06002df08b049b90070d9fed022c13c7a99ba1a8ccf1d41104653b645/gmpy2-2.3.0-cp313-cp313t-musllinux_1_2_x86_64.whl", hash = "sha256:fc6329b18bdbac682452ae403edf373be52794400643578863b5a751cc606e4f", size = 1642310, upload-time = "2026-02-08T00:56:54.259Z" },
    { url = "https://files.pythonhosted.org/packages/82/43/4506398e6356fb5d77b970f7883a15a12ea383de364088ba06102d64042b/gmpy2-2.3.0-cp313-cp313t-win_amd64.whl", hash = "sha256:5779f6cf498dfea2dd486c6acff0b61b834d3c3a18724d09f297a495a2ba4794", size = 1263268, upload-time = "2026-02-08T00:56:55.555Z" },
    { url = "https://files.pythonhosted.org/packages/dc/ce/391d55659772a11874be02809f064583db013cbe2c2d595893b5b6bc666d/gmpy2-2.3.0-cp313-cp313t-win_arm64.whl", hash = "sha256:63203c8a31f2afb282e0535e517e8f53a7f63c490b51bb3e1e3dbad67533ca63", size = 860824, upload-time = "2026-02-08T00:56:57.595Z" },
    { url = "https://files.pythonhosted.org/packages/db/2b/183a5a60974c284ea70d6c30dc32f3575c3b215f4a026c6cd128b14e5f7b/gmpy2-2.3.0-cp314-cp314-macosx_10_15_x86_64.whl", hash = "sha256:bf9ac69c1346a6dc21e62261d916325be74d1aee97e87e14c90eedbb0171feba", size = 858117, upload-time = "2026-02-08T00:56:58.914Z" },
    { url = "https://files.pythonhosted.org/packages/6a/22/2e254d93393c5d17b691bb5dacf13e5a25af1b3a389d451ed180a6170785/gmpy2-2.3.0-cp314-cp314-macosx_11_0_arm64.whl", hash = "sha256:0a42ced3bc8a679daa46fba0d7b46f5549c5c1400adc005da76a9420821ad959", size = 710234, upload-time = "2026-02-08T00:57:00.69Z" },
    { url = "https://files.pythonhosted.org/packages/37/e8/8c3a9b16281180d9f0910ba738817d2e523167dcc4f11745d2d5d1be603e/gmpy2-2.3.0-cp314-cp314-manylinux2014_aarch64.manylinux_2_17_aarch64.manylinux_2_28_aarch64.whl", hash = "sha256:17770d7a8fb06159563d63a69b95e9c935f94d078ec5b1876e64ae2f233cc97b", size = 1663100, upload-time = "2026-02-08T00:57:02.006Z" },
    { url = "https://files.pythonhosted.org/packages/d8/7c/acda4d717e1612aa7bdd58271e724c7dfb1b648cf8d55b16ec54ab1a9de7/gmpy2-2.3.0-cp314-cp314-manylinux2014_x86_64.manylinux_2_17_x86_64.manylinux_2_28_x86_64.whl", hash = "sha256:566861a586dabffc4913b3a99f611240c966e9d5fab71cdb3147e759a035ebd2", size = 1766955, upload-time = "2026-02-08T00:57:03.62Z" },
    { url = "https://files.pythonhosted.org/packages/9c/3a/b19226a5da1584b4de866beeb57bd80264cf033a62f29f4e06372dda25d2/gmpy2-2.3.0-cp314-cp314-musllinux_1_2_aarch64.whl", hash = "sha256:04112c8c572499877aa785e91a1b06a90ac65138638d8d331b78032b2fe76dd9", size = 1682426, upload-time = "2026-02-08T00:57:04.918Z" },
    { url = "https://files.pythonhosted.org/packages/a1/d4/c8e0987602cd2bb7a52f86d0288c77f444c6aaf565f329c6ee5c569a0e2d/gmpy2-2.3.0-cp314-cp314-musllinux_1_2_x86_64.whl", hash = "sha256:404f1c46e9e3871c482d485f661b8b94e7b8bb7837e582d2dad961a3c8a9aa81", size = 1720961, upload-time = "2026-02-08T00:57:06.321Z" },
    { url = "https://files.pythonhosted.org/packages/cb/a8/02eaf120e6d4379a68937c3c8af6974bbb71f59afa487fb41db168802bef/gmpy2-2.3.0-cp314-cp314-win_amd64.whl", hash = "sha256:9cedc4e27c543fa811175a00765bd284114fc6f813fcca2dbb24b383173115e2", size = 1262433, upload-time = "2026-02-08T00:57:09.459Z" },
    { url = "https://files.pythonhosted.org/packages/4b/2b/d729eb8b27ea66cdb4cdff69935b2b9fd119ef0dfd10a6ea073c5515a044/gmpy2-2.3.0-cp314-cp314-win_arm64.whl", hash = "sha256:51051b7327f384cbd6e3fecdb31280c3aab5648cc5f49a79d447b9851840eb65", size = 878764, upload-time = "2026-02-08T00:57:10.781Z" },
    { url = "https://files.pythonhosted.org/packages/4b/27/466e68e414a8393daed986b7115d5af279b7c7898265d0489f0a7d48550d/gmpy2-2.3.0-cp314-cp314t-macosx_10_15_x86_64.whl", hash = "sha256:23235c78f75f5d5349c5a28ba747abdabf8e43cb6c3e2d7296d9be07d5ee150c", size = 872741, upload-time = "2026-02-08T00:57:12.292Z" },
    { url = "https://files.pythonhosted.org/packages/6b/df/cdb5ca9310e76ab13172f058b6bc555b26d500e935c86c37bfd82dbc6e9e/gmpy2-2.3.0-cp314-cp314t-macosx_11_0_arm64.whl", hash = "sha256:884b200343db4eca4a918cff602ecd1686a8dfc44f4b0b7e7df21747edf4e168", size = 724203, upload-time = "2026-02-08T00:57:13.599Z" },
    { url = "https://files.pythonhosted.org/packages/81/78/8dc4d19701ddd0c121a5c98731ddb2cba353bc6fd2cee4136016ccfa910b/gmpy2-2.3.0-cp314-cp314t-manylinux2014_aarch64.manylinux_2_17_aarch64.manylinux_2_28_aarch64.whl", hash = "sha256:9d7cae51c2613884192901b3b7cf6546e4c70548589b58ef9eec7d3aaea88783", size = 1586697, upload-time = "2026-02-08T00:57:14.976Z" },
    { url = "https://files.pythonhosted.org/packages/99/55/4293bb1d180a74389cab9ef9dcc5337de0ca7b1254da395f8b41a4b63b99/gmpy2-2.3.0-cp314-cp314t-manylinux2014_x86_64.manylinux_2_17_x86_64.manylinux_2_28_x86_64.whl", hash = "sha256:399d8ed2168075837c9b8817808532d5d3fc197cd7b121822e97e8add3e60f7f", size = 1682178, upload-time = "2026-02-08T00:57:16.356Z" },
    { url = "https://files.pythonhosted.org/packages/7e/4f/c6d1104e4420e3d6a568653e4e3ee11fa368d1292f715e9b54cfc01bddc1/gmpy2-2.3.0-cp314-cp314t-musllinux_1_2_aarch64.whl", hash = "sha256:a5713e51e244470e986051ac2be4aa4d0594067216f07d76cd07234f8c25a2c6", size = 1600481, upload-time = "2026-02-08T00:57:17.638Z" },
    { url = "https://files.pythonhosted.org/packages/ef/0d/c9a1e7115822f1685958b29b05118d9b741a6670b5b80a40eaf39286afe3/gmpy2-2.3.0-cp314-cp314t-musllinux_1_2_x86_64.whl", hash = "sha256:baf62ccecb76a0c922af2f01c7fbb0b0f7606ed41fd7d59458656898a0dad5c9", size = 1639960, upload-time = "2026-02-08T00:57:18.895Z" },
    { url = "https://files.pythonhosted.org/packages/40/2d/9f5e6b7aa5a8d5ff09b9a2be01d6e6a8e79047c6362c12bd3c8a3d529d25/gmpy2-2.3.0-cp314-cp314t-win_amd64.whl", hash = "sha256:8b6399d2dd1229242b0e24ebf525f70fee0efa98f366990c7efafd32ce90855c", size = 1293163, upload-time = "2026-02-08T00:57:20.261Z" },
    { url = "https://files.pythonhosted.org/packages/96/40/4d55a2e094e203e89ad966903ed887bd379008c39ec94b6474260472b7f1/gmpy2-2.3.0-cp314-cp314t-win_arm64.whl", hash = "sha256:3c13f1078b30bbb95472f38e6213fb269be55ef37ede94fb9695fb1173e568a4", size = 882976, upload-time = "2026-02-08T00:57:21.712Z" },
]

[[package]]
name = "prestagri-catala"
version = "0.1.0"
source = { virtual = "." }
dependencies = [
    { name = "gmpy2" },
]

[package.metadata]
requires-dist = [{ name = "gmpy2", specifier = ">=2.3.0" }]
